PODS:
  - FBSnapshotTestCase (2.1.4):
    - FBSnapshotTestCase/SwiftSupport (= 2.1.4)
  - FBSnapshotTestCase/Core (2.1.4)
  - FBSnapshotTestCase/SwiftSupport (2.1.4):
    - FBSnapshotTestCase/Core
  - InstagramAPI (0.1.0)
  - Nimble (7.3.4)
  - Nimble-Snapshots (6.3.0):
    - Nimble-Snapshots/Core (= 6.3.0)
  - Nimble-Snapshots/Core (6.3.0):
    - FBSnapshotTestCase (~> 2.0)
    - Nimble (~> 7.0)
  - Quick (1.2.0)

DEPENDENCIES:
  - FBSnapshotTestCase (~> 2.1.4)
  - InstagramAPI (from `../`)
  - Nimble (~> 7.0)
  - Nimble-Snapshots (~> 6.3.0)
  - Quick (~> 1.2.0)

SPEC REPOS:
  trunk:
    - FBSnapshotTestCase
    - Nimble
    - Nimble-Snapshots
    - Quick

EXTERNAL SOURCES:
  InstagramAPI:
    :path: "../"

SPEC CHECKSUMS:
  FBSnapshotTestCase: 094f9f314decbabe373b87cc339bea235a63e07a
  InstagramAPI: b14b78a9226386403c66f7d2d65e0a1f85fb1d63
  Nimble: 051e3d8912d40138fa5591c78594f95fb172af37
  Nimble-Snapshots: f5459b5b091678dc942d03ec4741cacb58ba4a52
  Quick: 58d203b1c5e27fff7229c4c1ae445ad7069a7a08

PODFILE CHECKSUM: e74d4bbb49f9eec83f114f8d4f02a1ba6b9be02b

COCOAPODS: 1.9.0
